{
  "name": "ReaCTC-data",
  "version": "1.0.0",
  "lockfileVersion": 1,
  "requires": true,
  "dependencies": {
    "check-prop-types": {
      "version": "1.1.1",
      "resolved": "https://registry.npmjs.org/check-prop-types/-/check-prop-types-1.1.1.tgz",
      "integrity": "sha512-ZnvKJthFjIspIa44HAnrIeLDlCCEclx8HiMClZ+e7LOLGNdOF4ROsIp0eg4yfXKgyqsuj1125pIgv5YhxXUa6A=="
    },
    "denodeify": {
      "version": "1.2.1",
      "resolved": "https://registry.npmjs.org/denodeify/-/denodeify-1.2.1.tgz",
      "integrity": "sha1-OjYof1A05pnnV3kBBSwubJQlFjE="
    },
    "lodash": {
      "version": "4.17.4",
      "resolved": "https://registry.npmjs.org/lodash/-/lodash-4.17.4.tgz",
      "integrity": "sha1-eCA6TRwyiuHYbcpkYONptX9AVa4="
    },
    "normalizr": {
      "version": "3.2.3",
      "resolved": "https://registry.npmjs.org/normalizr/-/normalizr-3.2.3.tgz",
      "integrity": "sha1-iHVcZN5BiwQPpq0TKbLeXDJQrEk="
    }
  }
}
